// !$*UTF8*$!
{
	archiveVersion = 1;
	classes = {
	};
	objectVersion = 56;
	objects = {

/* Begin PBXBuildFile section */
		603661B0291CF8B7008A2F84 /* NetworkMonitor.swift in Sources */ = {isa = PBXBuildFile; fileRef = 603661AF291CF8B7008A2F84 /* NetworkMonitor.swift */; };
		60459724291ACCBF00CCA21B /* NetworkManager.swift in Sources */ = {isa = PBXBuildFile; fileRef = 60459723291ACCBF00CCA21B /* NetworkManager.swift */; };
		604B7BEF291BFDF000B6257D /* StorageManager.swift in Sources */ = {isa = PBXBuildFile; fileRef = 604B7BEE291BFDF000B6257D /* StorageManager.swift */; };
		60CA58C32919711F009F2D97 /* AppDelegate.swift in Sources */ = {isa = PBXBuildFile; fileRef = 60CA58C22919711F009F2D97 /* AppDelegate.swift */; };
		60CA58C52919711F009F2D97 /* SceneDelegate.swift in Sources */ = {isa = PBXBuildFile; fileRef = 60CA58C42919711F009F2D97 /* SceneDelegate.swift */; };
		60CA58CA2919711F009F2D97 /* Main.storyboard in Resources */ = {isa = PBXBuildFile; fileRef = 60CA58C82919711F009F2D97 /* Main.storyboard */; };
		60CA58CC29197120009F2D97 /* Assets.xcassets in Resources */ = {isa = PBXBuildFile; fileRef = 60CA58CB29197120009F2D97 /* Assets.xcassets */; };
		60CA58CF29197120009F2D97 /* LaunchScreen.storyboard in Resources */ = {isa = PBXBuildFile; fileRef = 60CA58CD29197120009F2D97 /* LaunchScreen.storyboard */; };
		60CA58D7291971AA009F2D97 /* Company.swift in Sources */ = {isa = PBXBuildFile; fileRef = 60CA58D6291971AA009F2D97 /* Company.swift */; };
		60CA58DB29197CCA009F2D97 /* EmployeesTableViewController.swift in Sources */ = {isa = PBXBuildFile; fileRef = 60CA58DA29197CCA009F2D97 /* EmployeesTableViewController.swift */; };
/* End PBXBuildFile section */

/* Begin PBXFileReference section */
		603661AF291CF8B7008A2F84 /* NetworkMonitor.swift */ = {isa = PBXFileReference; lastKnownFileType = sourcecode.swift; path = NetworkMonitor.swift; sourceTree = "<group>"; };
		60459723291ACCBF00CCA21B /* NetworkManager.swift */ = {isa = PBXFileReference; lastKnownFileType = sourcecode.swift; path = NetworkManager.swift; sourceTree = "<group>"; };
		604B7BEE291BFDF000B6257D /* StorageManager.swift */ = {isa = PBXFileReference; lastKnownFileType = sourcecode.swift; path = StorageManager.swift; sourceTree = "<group>"; };
		60CA58BF2919711F009F2D97 /* AvitoTest.app */ = {isa = PBXFileReference; explicitFileType = wrapper.application; includeInIndex = 0; path = AvitoTest.app; sourceTree = BUILT_PRODUCTS_DIR; };
		60CA58C22919711F009F2D97 /* AppDelegate.swift */ = {isa = PBXFileReference; lastKnownFileType = sourcecode.swift; path = AppDelegate.swift; sourceTree = "<group>"; };
		60CA58C42919711F009F2D97 /* SceneDelegate.swift */ = {isa = PBXFileReference; lastKnownFileType = sourcecode.swift; path = SceneDelegate.swift; sourceTree = "<group>"; };
		60CA58C92919711F009F2D97 /* Base */ = {isa = PBXFileReference; lastKnownFileType = file.storyboard; name = Base; path = Base.lproj/Main.storyboard; sourceTree = "<group>"; };
		60CA58CB29197120009F2D97 /* Assets.xcassets */ = {isa = PBXFileReference; lastKnownFileType = folder.assetcatalog; path = Assets.xcassets; sourceTree = "<group>"; };
		60CA58CE29197120009F2D97 /* Base */ = {isa = PBXFileReference; lastKnownFileType = file.storyboard; name = Base; path = Base.lproj/LaunchScreen.storyboard; sourceTree = "<group>"; };
		60CA58D029197120009F2D97 /* Info.plist */ = {isa = PBXFileReference; lastKnownFileType = text.plist.xml; path = Info.plist; sourceTree = "<group>"; };
		60CA58D6291971AA009F2D97 /* Company.swift */ = {isa = PBXFileReference; lastKnownFileType = sourcecode.swift; path = Company.swift; sourceTree = "<group>"; };
		60CA58DA29197CCA009F2D97 /* EmployeesTableViewController.swift */ = {isa = PBXFileReference; lastKnownFileType = sourcecode.swift; path = EmployeesTableViewController.swift; sourceTree = "<group>"; };
/* End PBXFileReference section */

/* Begin PBXFrameworksBuildPhase section */
		60CA58BC2919711F009F2D97 /* Frameworks */ = {
			isa = PBXFrameworksBuildPhase;
			buildActionMask = 2147483647;
			files = (
			);
			runOnlyForDeploymentPostprocessing = 0;
		};
/* End PBXFrameworksBuildPhase section */

/* Begin PBXGroup section */
		603661A6291CECED008A2F84 /* Models */ = {
			isa = PBXGroup;
			children = (
				60CA58D6291971AA009F2D97 /* Company.swift */,
			);
			path = Models;
			sourceTree = "<group>";
		};
		603661A7291CECFB008A2F84 /* Services */ = {
			isa = PBXGroup;
			children = (
				603661AF291CF8B7008A2F84 /* NetworkMonitor.swift */,
				60459723291ACCBF00CCA21B /* NetworkManager.swift */,
				604B7BEE291BFDF000B6257D /* StorageManager.swift */,
			);
			path = Services;
			sourceTree = "<group>";
		};
		603661A8291CED3D008A2F84 /* ViewControllers */ = {
			isa = PBXGroup;
			children = (
				60CA58DA29197CCA009F2D97 /* EmployeesTableViewController.swift */,
			);
			path = ViewControllers;
			sourceTree = "<group>";
		};
		603661A9291CED6E008A2F84 /* Storyboards */ = {
			isa = PBXGroup;
			children = (
				60CA58C82919711F009F2D97 /* Main.storyboard */,
				60CA58CD29197120009F2D97 /* LaunchScreen.storyboard */,
			);
			path = Storyboards;
			sourceTree = "<group>";
		};
		603661AA291CEDAF008A2F84 /* App */ = {
			isa = PBXGroup;
			children = (
				60CA58C22919711F009F2D97 /* AppDelegate.swift */,
				60CA58C42919711F009F2D97 /* SceneDelegate.swift */,
			);
			path = App;
			sourceTree = "<group>";
		};
		603661AB291CEDB8008A2F84 /* Resource */ = {
			isa = PBXGroup;
			children = (
				60CA58CB29197120009F2D97 /* Assets.xcassets */,
			);
			path = Resource;
			sourceTree = "<group>";
		};
		60CA58B62919711F009F2D97 = {
			isa = PBXGroup;
			children = (
				60CA58C12919711F009F2D97 /* AvitoTest */,
				60CA58C02919711F009F2D97 /* Products */,
			);
			sourceTree = "<group>";
		};
		60CA58C02919711F009F2D97 /* Products */ = {
			isa = PBXGroup;
			children = (
				60CA58BF2919711F009F2D97 /* AvitoTest.app */,
			);
			name = Products;
			sourceTree = "<group>";
		};
		60CA58C12919711F009F2D97 /* AvitoTest */ = {
			isa = PBXGroup;
			children = (
				60CA58D029197120009F2D97 /* Info.plist */,
				603661A6291CECED008A2F84 /* Models */,
				603661A7291CECFB008A2F84 /* Services */,
				603661A8291CED3D008A2F84 /* ViewControllers */,
				603661A9291CED6E008A2F84 /* Storyboards */,
				603661AA291CEDAF008A2F84 /* App */,
				603661AB291CEDB8008A2F84 /* Resource */,
			);
			path = AvitoTest;
			sourceTree = "<group>";
		};
/* End PBXGroup section */

/* Begin PBXNativeTarget section */
		60CA58BE2919711F009F2D97 /* AvitoTest */ = {
			isa = PBXNativeTarget;
			buildConfigurationList = 60CA58D329197120009F2D97 /* Build configuration list for PBXNativeTarget "AvitoTest" */;
			buildPhases = (
				60CA58BB2919711F009F2D97 /* Sources */,
				60CA58BC2919711F009F2D97 /* Frameworks */,
				60CA58BD2919711F009F2D97 /* Resources */,
			);
			buildRules = (
			);
			dependencies = (
			);
			name = AvitoTest;
			productName = AvitoTest;
			productReference = 60CA58BF2919711F009F2D97 /* AvitoTest.app */;
			productType = "com.apple.product-type.application";
		};
/* End PBXNativeTarget section */

/* Begin PBXProject section */
		60CA58B72919711F009F2D97 /* Project object */ = {
			isa = PBXProject;
			attributes = {
				BuildIndependentTargetsInParallel = 1;
				LastSwiftUpdateCheck = 1400;
				LastUpgradeCheck = 1400;
				TargetAttributes = {
					60CA58BE2919711F009F2D97 = {
						CreatedOnToolsVersion = 14.0.1;
					};
				};
			};
			buildConfigurationList = 60CA58BA2919711F009F2D97 /* Build configuration list for PBXProject "AvitoTest" */;
			compatibilityVersion = "Xcode 14.0";
			developmentRegion = en;
			hasScannedForEncodings = 0;
			knownRegions = (
				en,
				Base,
			);
			mainGroup = 60CA58B62919711F009F2D97;
			productRefGroup = 60CA58C02919711F009F2D97 /* Products */;
			projectDirPath = "";
			projectRoot = "";
			targets = (
				60CA58BE2919711F009F2D97 /* AvitoTest */,
			);
		};
/* End PBXProject section */

/* Begin PBXResourcesBuildPhase section */
		60CA58BD2919711F009F2D97 /* Resources */ = {
			isa = PBXResourcesBuildPhase;
			buildActionMask = 2147483647;
			files = (
				60CA58CF29197120009F2D97 /* LaunchScreen.storyboard in Resources */,
				60CA58CC29197120009F2D97 /* Assets.xcassets in Resources */,
				60CA58CA2919711F009F2D97 /* Main.storyboard in Resources */,
			);
			runOnlyForDeploymentPostprocessing = 0;
		};
/* End PBXResourcesBuildPhase section */

/* Begin PBXSourcesBuildPhase section */
		60CA58BB2919711F009F2D97 /* Sources */ = {
			isa = PBXSourcesBuildPhase;
			buildActionMask = 2147483647;
			files = (
				60459724291ACCBF00CCA21B /* NetworkManager.swift in Sources */,
				60CA58C32919711F009F2D97 /* AppDelegate.swift in Sources */,
				604B7BEF291BFDF000B6257D /* StorageManager.swift in Sources */,
				60CA58C52919711F009F2D97 /* SceneDelegate.swift in Sources */,
				60CA58DB29197CCA009F2D97 /* EmployeesTableViewController.swift in Sources */,
				60CA58D7291971AA009F2D97 /* Company.swift in Sources */,
				603661B0291CF8B7008A2F84 /* NetworkMonitor.swift in Sources */,
			);
			runOnlyForDeploymentPostprocessing = 0;
		};
/* End PBXSourcesBuildPhase section */

/* Begin PBXVariantGroup section */
		60CA58C82919711F009F2D97 /* Main.storyboard */ = {
			isa = PBXVariantGroup;
			children = (
				60CA58C92919711F009F2D97 /* Base */,
			);
			name = Main.storyboard;
			sourceTree = "<group>";
		};
		60CA58CD29197120009F2D97 /* LaunchScreen.storyboard */ = {
			isa = PBXVariantGroup;
			children = (
				60CA58CE29197120009F2D97 /* Base */,
			);
			name = LaunchScreen.storyboard;
			sourceTree = "<group>";
		};
/* End PBXVariantGroup section */

/* Begin XCBuildConfiguration section */
		60CA58D129197120009F2D97 /* Debug */ = {
			isa = XCBuildConfiguration;
			buildSettings = {
				ALWAYS_SEARCH_USER_PATHS = NO;
				CLANG_ANALYZER_NONNULL = YES;
				CLANG_ANALYZER_NUMBER_OBJECT_CONVERSION = YES_AGGRESSIVE;
				CLANG_CXX_LANGUAGE_STANDARD = "gnu++20";
				CLANG_ENABLE_MODULES = YES;
				CLANG_ENABLE_OBJC_ARC = YES;
				CLANG_ENABLE_OBJC_WEAK = YES;
				CLANG_WARN_BLOCK_CAPTURE_AUTORELEASING = YES;
				CLANG_WARN_BOOL_CONVERSION = YES;
				CLANG_WARN_COMMA = YES;
				CLANG_WARN_CONSTANT_CONVERSION = YES;
				CLANG_WARN_DEPRECATED_OBJC_IMPLEMENTATIONS = YES;
				CLANG_WARN_DIRECT_OBJC_ISA_USAGE = YES_ERROR;
				CLANG_WARN_DOCUMENTATION_COMMENTS = YES;
				CLANG_WARN_EMPTY_BODY = YES;
				CLANG_WARN_ENUM_CONVERSION = YES;
				CLANG_WARN_INFINITE_RECURSION = YES;
				CLANG_WARN_INT_CONVERSION = YES;
				CLANG_WARN_NON_LITERAL_NULL_CONVERSION = YES;
				CLANG_WARN_OBJC_IMPLICIT_RETAIN_SELF = YES;
				CLANG_WARN_OBJC_LITERAL_CONVERSION = YES;
				CLANG_WARN_OBJC_ROOT_CLASS = YES_ERROR;
				CLANG_WARN_QUOTED_INCLUDE_IN_FRAMEWORK_HEADER = YES;
				CLANG_WARN_RANGE_LOOP_ANALYSIS = YES;
				CLANG_WARN_STRICT_PROTOTYPES = YES;
				CLANG_WARN_SUSPICIOUS_MOVE = YES;
				CLANG_WARN_UNGUARDED_AVAILABILITY = YES_AGGRESSIVE;
				CLANG_WARN_UNREACHABLE_CODE = YES;
				CLANG_WARN__DUPLICATE_METHOD_MATCH = YES;
				COPY_PHASE_STRIP = NO;
				DEBUG_INFORMATION_FORMAT = dwarf;
				ENABLE_STRICT_OBJC_MSGSEND = YES;
				ENABLE_TESTABILITY = YES;
				GCC_C_LANGUAGE_STANDARD = gnu11;
				GCC_DYNAMIC_NO_PIC = NO;
				GCC_NO_COMMON_BLOCKS = YES;
				GCC_OPTIMIZATION_LEVEL = 0;
				GCC_PREPROCESSOR_DEFINITIONS = (
					"DEBUG=1",
					"$(inherited)",
				);
				GCC_WARN_64_TO_32_BIT_CONVERSION = YES;
				GCC_WARN_ABOUT_RETURN_TYPE = YES_ERROR;
				GCC_WARN_UNDECLARED_SELECTOR = YES;
				GCC_WARN_UNINITIALIZED_AUTOS = YES_AGGRESSIVE;
				GCC_WARN_UNUSED_FUNCTION = YES;
				GCC_WARN_UNUSED_VARIABLE = YES;
				IPHONEOS_DEPLOYMENT_TARGET = 16.0;
				MTL_ENABLE_DEBUG_INFO = INCLUDE_SOURCE;
				MTL_FAST_MATH = YES;
				ONLY_ACTIVE_ARCH = YES;
				SDKROOT = iphoneos;
				SWIFT_ACTIVE_COMPILATION_CONDITIONS = DEBUG;
				SWIFT_OPTIMIZATION_LEVEL = "-Onone";
			};
			name = Debug;
		};
		60CA58D229197120009F2D97 /* Release */ = {
			isa = XCBuildConfiguration;
			buildSettings = {
				ALWAYS_SEARCH_USER_PATHS = NO;
				CLANG_ANALYZER_NONNULL = YES;
				CLANG_ANALYZER_NUMBER_OBJECT_CONVERSION = YES_AGGRESSIVE;
				CLANG_CXX_LANGUAGE_STANDARD = "gnu++20";
				CLANG_ENABLE_MODULES = YES;
				CLANG_ENABLE_OBJC_ARC = YES;
				CLANG_ENABLE_OBJC_WEAK = YES;
				CLANG_WARN_BLOCK_CAPTURE_AUTORELEASING = YES;
				CLANG_WARN_BOOL_CONVERSION = YES;
				CLANG_WARN_COMMA = YES;
				CLANG_WARN_CONSTANT_CONVERSION = YES;
				CLANG_WARN_DEPRECATED_OBJC_IMPLEMENTATIONS = YES;
				CLANG_WARN_DIRECT_OBJC_ISA_USAGE = YES_ERROR;
				CLANG_WARN_DOCUMENTATION_COMMENTS = YES;
				CLANG_WARN_EMPTY_BODY = YES;
				CLANG_WARN_ENUM_CONVERSION = YES;
				CLANG_WARN_INFINITE_RECURSION = YES;
				CLANG_WARN_INT_CONVERSION = YES;
				CLANG_WARN_NON_LITERAL_NULL_CONVERSION = YES;
				CLANG_WARN_OBJC_IMPLICIT_RETAIN_SELF = YES;
				CLANG_WARN_OBJC_LITERAL_CONVERSION = YES;
				CLANG_WARN_OBJC_ROOT_CLASS = YES_ERROR;
				CLANG_WARN_QUOTED_INCLUDE_IN_FRAMEWORK_HEADER = YES;
				CLANG_WARN_RANGE_LOOP_ANALYSIS = YES;
				CLANG_WARN_STRICT_PROTOTYPES = YES;
				CLANG_WARN_SUSPICIOUS_MOVE = YES;
				CLANG_WARN_UNGUARDED_AVAILABILITY = YES_AGGRESSIVE;
				CLANG_WARN_UNREACHABLE_CODE = YES;
				CLANG_WARN__DUPLICATE_METHOD_MATCH = YES;
				COPY_PHASE_STRIP = NO;
				DEBUG_INFORMATION_FORMAT = "dwarf-with-dsym";
				ENABLE_NS_ASSERTIONS = NO;
				ENABLE_STRICT_OBJC_MSGSEND = YES;
				GCC_C_LANGUAGE_STANDARD = gnu11;
				GCC_NO_COMMON_BLOCKS = YES;
				GCC_WARN_64_TO_32_BIT_CONVERSION = YES;
				GCC_WARN_ABOUT_RETURN_TYPE = YES_ERROR;
				GCC_WARN_UNDECLARED_SELECTOR = YES;
				GCC_WARN_UNINITIALIZED_AUTOS = YES_AGGRESSIVE;
				GCC_WARN_UNUSED_FUNCTION = YES;
				GCC_WARN_UNUSED_VARIABLE = YES;
				IPHONEOS_DEPLOYMENT_TARGET = 16.0;
				MTL_ENABLE_DEBUG_INFO = NO;
				MTL_FAST_MATH = YES;
				SDKROOT = iphoneos;
				SWIFT_COMPILATION_MODE = wholemodule;
				SWIFT_OPTIMIZATION_LEVEL = "-O";
				VALIDATE_PRODUCT = YES;
			};
			name = Release;
		};
		60CA58D429197120009F2D97 /* Debug */ = {
			isa = XCBuildConfiguration;
			buildSettings = {
				ASSETCATALOG_COMPILER_APPICON_NAME = AppIcon;
				ASSETCATALOG_COMPILER_GLOBAL_ACCENT_COLOR_NAME = AccentColor;
				CODE_SIGN_STYLE = Automatic;
				CURRENT_PROJECT_VERSION = 1;
				DEVELOPMENT_TEAM = GUTQ94996V;
				GENERATE_INFOPLIST_FILE = YES;
				INFOPLIST_FILE = AvitoTest/Info.plist;
				INFOPLIST_KEY_UIApplicationSupportsIndirectInputEvents = YES;
				INFOPLIST_KEY_UILaunchStoryboardName = LaunchScreen;
				INFOPLIST_KEY_UIMainStoryboardFile = Main;
				INFOPLIST_KEY_UISupportedInterfaceOrientations_iPad = "UIInterfaceOrientationPortrait UIInterfaceOrientationPortraitUpsideDown UIInterfaceOrientationLandscapeLeft UIInterfaceOrientationLandscapeRight";
				INFOPLIST_KEY_UISupportedInterfaceOrientations_iPhone = "UIInterfaceOrientationPortrait UIInterfaceOrientationLandscapeLeft UIInterfaceOrientationLandscapeRight";
				IPHONEOS_DEPLOYMENT_TARGET = 13.0;
				LD_RUNPATH_SEARCH_PATHS = (
					"$(inherited)",
					"@executable_path/Frameworks",
				);
				MARKETING_VERSION = 1.0;
				PRODUCT_BUNDLE_IDENTIFIER = AvitoTest;
				PRODUCT_NAME = "$(TARGET_NAME)";
				SWIFT_EMIT_LOC_STRINGS = YES;
				SWIFT_VERSION = 5.0;
				TARGETED_DEVICE_FAMILY = "1,2";
			};
			name = Debug;
		};
		60CA58D529197120009F2D97 /* Release */ = {
			isa = XCBuildConfiguration;
			buildSettings = {
				ASSETCATALOG_COMPILER_APPICON_NAME = AppIcon;
				ASSETCATALOG_COMPILER_GLOBAL_ACCENT_COLOR_NAME = AccentColor;
				CODE_SIGN_STYLE = Automatic;
				CURRENT_PROJECT_VERSION = 1;
				DEVELOPMENT_TEAM = GUTQ94996V;
				GENERATE_INFOPLIST_FILE = YES;
				INFOPLIST_FILE = AvitoTest/Info.plist;
				INFOPLIST_KEY_UIApplicationSupportsIndirectInputEvents = YES;
				INFOPLIST_KEY_UILaunchStoryboardName = LaunchScreen;
				INFOPLIST_KEY_UIMainStoryboardFile = Main;
				INFOPLIST_KEY_UISupportedInterfaceOrientations_iPad = "UIInterfaceOrientationPortrait UIInterfaceOrientationPortraitUpsideDown UIInterfaceOrientationLandscapeLeft UIInterfaceOrientationLandscapeRight";
				INFOPLIST_KEY_UISupportedInterfaceOrientations_iPhone = "UIInterfaceOrientationPortrait UIInterfaceOrientationLandscapeLeft UIInterfaceOrientationLandscapeRight";
				IPHONEOS_DEPLOYMENT_TARGET = 13.0;
				LD_RUNPATH_SEARCH_PATHS = (
					"$(inherited)",
					"@executable_path/Frameworks",
				);
				MARKETING_VERSION = 1.0;
				PRODUCT_BUNDLE_IDENTIFIER = AvitoTest;
				PRODUCT_NAME = "$(TARGET_NAME)";
				SWIFT_EMIT_LOC_STRINGS = YES;
				SWIFT_VERSION = 5.0;
				TARGETED_DEVICE_FAMILY = "1,2";
			};
			name = Release;
		};
/* End XCBuildConfiguration section */

/* Begin XCConfigurationList section */
		60CA58BA2919711F009F2D97 /* Build configuration list for PBXProject "AvitoTest" */ = {
			isa = XCConfigurationList;
			buildConfigurations = (
				60CA58D129197120009F2D97 /* Debug */,
				60CA58D229197120009F2D97 /* Release */,
			);
			defaultConfigurationIsVisible = 0;
			defaultConfigurationName = Release;
		};
		60CA58D329197120009F2D97 /* Build configuration list for PBXNativeTarget "AvitoTest" */ = {
			isa = XCConfigurationList;
			buildConfigurations = (
				60CA58D429197120009F2D97 /* Debug */,
				60CA58D529197120009F2D97 /* Release */,
			);
			defaultConfigurationIsVisible = 0;
			defaultConfigurationName = Release;
		};
/* End XCConfigurationList section */
	};
	rootObject = 60CA58B72919711F009F2D97 /* Project object */;
}
